
Microsoft Visual Studio Solution File, Format Version 12.00
# Visual Studio Version 17
VisualStudioVersion = 17.3.32505.426
MinimumVisualStudioVersion = 10.0.40219.1
Project("{9A19103F-16F7-4668-BE54-9A1E7A4F7556}") = "NamesPublisher", "NamesPublisher\NamesPublisher.csproj", "{198468F3-57DC-40AB-B169-C20376D0D2BF}"
EndProject
Project("{9A19103F-16F7-4668-BE54-9A1E7A4F7556}") = "NamesConsumer", "NamesConsumer\NamesConsumer.csproj", "{384294E8-88C0-4294-8B7A-0F2DD1C9FC2D}"
EndProject
Project("{FAE04EC0-301F-11D3-BF4B-00C04F79EFBC}") = "NamesPublisher.Tests", "NamesPublisher.Tests\NamesPublisher.Tests.csproj", "{A0BF47A1-762C-484F-9240-CC6CE238ACF3}"
EndProject
Project("{FAE04EC0-301F-11D3-BF4B-00C04F79EFBC}") = "NamesConsumer.Tests", "ConsumerTests\NamesConsumer.Tests.csproj", "{65BDF7D4-A6CF-412B-95C2-24754B798B64}"
EndProject
Project("{2150E333-8FDC-42A3-9474-1A3956D46DE8}") = "RabbitMQServer", "RabbitMQServer", "{09D7D083-52DC-490F-A5D2-16E6E9FB51C3}"
	ProjectSection(SolutionItems) = preProject
		CreateServer.bat = CreateServer.bat
	EndProjectSection
EndProject
Global
	GlobalSection(SolutionConfigurationPlatforms) = preSolution
		Debug|Any CPU = Debug|Any CPU
		Release|Any CPU = Release|Any CPU
	EndGlobalSection
	GlobalSection(ProjectConfigurationPlatforms) = postSolution
		{198468F3-57DC-40AB-B169-C20376D0D2BF}.Debug|Any CPU.ActiveCfg = Debug|Any CPU
		{198468F3-57DC-40AB-B169-C20376D0D2BF}.Debug|Any CPU.Build.0 = Debug|Any CPU
		{198468F3-57DC-40AB-B169-C20376D0D2BF}.Release|Any CPU.ActiveCfg = Release|Any CPU
		{198468F3-57DC-40AB-B169-C20376D0D2BF}.Release|Any CPU.Build.0 = Release|Any CPU
		{384294E8-88C0-4294-8B7A-0F2DD1C9FC2D}.Debug|Any CPU.ActiveCfg = Debug|Any CPU
		{384294E8-88C0-4294-8B7A-0F2DD1C9FC2D}.Debug|Any CPU.Build.0 = Debug|Any CPU
		{384294E8-88C0-4294-8B7A-0F2DD1C9FC2D}.Release|Any CPU.ActiveCfg = Release|Any CPU
		{384294E8-88C0-4294-8B7A-0F2DD1C9FC2D}.Release|Any CPU.Build.0 = Release|Any CPU
		{A0BF47A1-762C-484F-9240-CC6CE238ACF3}.Debug|Any CPU.ActiveCfg = Debug|Any CPU
		{A0BF47A1-762C-484F-9240-CC6CE238ACF3}.Debug|Any CPU.Build.0 = Debug|Any CPU
		{A0BF47A1-762C-484F-9240-CC6CE238ACF3}.Release|Any CPU.ActiveCfg = Release|Any CPU
		{A0BF47A1-762C-484F-9240-CC6CE238ACF3}.Release|Any CPU.Build.0 = Release|Any CPU
		{65BDF7D4-A6CF-412B-95C2-24754B798B64}.Debug|Any CPU.ActiveCfg = Debug|Any CPU
		{65BDF7D4-A6CF-412B-95C2-24754B798B64}.Debug|Any CPU.Build.0 = Debug|Any CPU
		{65BDF7D4-A6CF-412B-95C2-24754B798B64}.Release|Any CPU.ActiveCfg = Release|Any CPU
		{65BDF7D4-A6CF-412B-95C2-24754B798B64}.Release|Any CPU.Build.0 = Release|Any CPU
	EndGlobalSection
	GlobalSection(SolutionProperties) = preSolution
		HideSolutionNode = FALSE
	EndGlobalSection
	GlobalSection(ExtensibilityGlobals) = postSolution
		SolutionGuid = {4D74D400-01F5-4A0C-9438-995BBA5297FC}
	EndGlobalSection
EndGlobal
